<?xml version="1.0" encoding="utf-8"?>
<Project ToolsVersion="4.0" xmlns="http://schemas.microsoft.com/developer/msbuild/2003">
  <ItemGroup>
    <Filter Include="Source Files">
      <UniqueIdentifier>{4FC737F1-C7A5-4376-A066-2A32D752A2FF}</UniqueIdentifier>
      <Extensions>cpp;c;cc;cxx;def;odl;idl;hpj;bat;asm;asmx</Extensions>
    </Filter>
    <Filter Include="Header Files">
      <UniqueIdentifier>{93995380-89BD-4b04-88EB-625FBE52EBFB}</UniqueIdentifier>
      <Extensions>h;hh;hpp;hxx;hm;inl;inc;ipp;xsd</Extensions>
    </Filter>
    <Filter Include="Resource Files">
      <UniqueIdentifier>{67DA6AB6-F800-4c08-8B7A-83BB121AAD01}</UniqueIdentifier>
      <Extensions>rc;ico;cur;bmp;dlg;rc2;rct;bin;rgs;gif;jpg;jpeg;jpe;resx;tiff;tif;png;wav;mfcribbon-ms</Extensions>
    </Filter>
  </ItemGroup>
  <ItemGroup>
    <ClCompile Include="main.cpp">
      <Filter>Source Files</Filter>
    </ClCompile>
    <ClCompile Include="_pch\pch.cpp">
      <Filter>Source Files</Filter>
    </ClCompile>
    <ClCompile Include="_pch\pch_allegro.cpp">
      <Filter>Source Files</Filter>
    </ClCompile>
    <ClCompile Include="engine\app.cpp">
      <Filter>Source Files</Filter>
    </ClCompile>
    <ClCompile Include="engine\aloo\environment.cpp">
      <Filter>Source Files</Filter>
    </ClCompile>
    <ClCompile Include="engine\aloo\keyboard.cpp">
      <Filter>Source Files</Filter>
    </ClCompile>
    <ClCompile Include="engine\aloo\display.cpp">
      <Filter>Source Files</Filter>
    </ClCompile>
    <ClCompile Include="os\os.win32.cpp">
      <Filter>Source Files</Filter>
    </ClCompile>
    <ClCompile Include="engine\aloo\render_texture.cpp">
      <Filter>Source Files</Filter>
    </ClCompile>
    <ClCompile Include="engine\aloo\font.cpp">
      <Filter>Source Files</Filter>
    </ClCompile>
    <ClCompile Include="engine\aloo\timer.cpp">
      <Filter>Source Files</Filter>
    </ClCompile>
    <ClCompile Include="engine\aloo\render_target_op.cpp">
      <Filter>Source Files</Filter>
    </ClCompile>
    <ClCompile Include="engine\aloo\draw_context.cpp">
      <Filter>Source Files</Filter>
    </ClCompile>
    <ClCompile Include="engine\aloo\utils.cpp">
      <Filter>Source Files</Filter>
    </ClCompile>
    <ClCompile Include="engine\drawables\stage.cpp">
      <Filter>Source Files</Filter>
    </ClCompile>
    <ClCompile Include="engine\drawables\fps_counter.cpp">
      <Filter>Source Files</Filter>
    </ClCompile>
    <ClCompile Include="engine\drawables\label.cpp">
      <Filter>Source Files</Filter>
    </ClCompile>
    <ClCompile Include="engine\aloo\details\_assert_render_texture_flags.cpp">
      <Filter>Source Files</Filter>
    </ClCompile>
    <ClCompile Include="engine\aloo\details\_assert_render_texture_format.cpp">
      <Filter>Source Files</Filter>
    </ClCompile>
    <ClCompile Include="engine\drawables\sprite.cpp">
      <Filter>Source Files</Filter>
    </ClCompile>
    <ClCompile Include="path_utils.cpp">
      <Filter>Source Files</Filter>
    </ClCompile>
  </ItemGroup>
  <ItemGroup>
    <ClInclude Include="_pch\pch.h">
      <Filter>Header Files</Filter>
    </ClInclude>
    <ClInclude Include="_pch\pch_allegro.h">
      <Filter>Header Files</Filter>
    </ClInclude>
    <ClInclude Include="engine\app.h">
      <Filter>Header Files</Filter>
    </ClInclude>
    <ClInclude Include="engine\aloo\environment.h">
      <Filter>Header Files</Filter>
    </ClInclude>
    <ClInclude Include="engine\aloo\keyboard.h">
      <Filter>Header Files</Filter>
    </ClInclude>
    <ClInclude Include="engine\aloo\display_loop.h">
      <Filter>Header Files</Filter>
    </ClInclude>
    <ClInclude Include="engine\aloo\display.h">
      <Filter>Header Files</Filter>
    </ClInclude>
    <ClInclude Include="os\os.h">
      <Filter>Header Files</Filter>
    </ClInclude>
    <ClInclude Include="_ext\countlut.h">
      <Filter>Header Files</Filter>
    </ClInclude>
    <ClInclude Include="_ext\nowide_standalone\countdecimaldigit.h">
      <Filter>Header Files</Filter>
    </ClInclude>
    <ClInclude Include="engine\aloo\render_texture.h">
      <Filter>Header Files</Filter>
    </ClInclude>
    <ClInclude Include="bitwise_ops.h">
      <Filter>Header Files</Filter>
    </ClInclude>
    <ClInclude Include="engine\aloo\render_texture_lock_op.h">
      <Filter>Header Files</Filter>
    </ClInclude>
    <ClInclude Include="_ext\countdecimaldigit.h">
      <Filter>Header Files</Filter>
    </ClInclude>
    <ClInclude Include="engine\aloo\utils.h">
      <Filter>Header Files</Filter>
    </ClInclude>
    <ClInclude Include="engine\aloo\font.h">
      <Filter>Header Files</Filter>
    </ClInclude>
    <ClInclude Include="engine\aloo\timer.h">
      <Filter>Header Files</Filter>
    </ClInclude>
    <ClInclude Include="engine\aloo\fps_component.h">
      <Filter>Header Files</Filter>
    </ClInclude>
    <ClInclude Include="engine\aloo\render_target_op.h">
      <Filter>Header Files</Filter>
    </ClInclude>
    <ClInclude Include="engine\aloo\drawable.h">
      <Filter>Header Files</Filter>
    </ClInclude>
    <ClInclude Include="engine\aloo\draw_context.h">
      <Filter>Header Files</Filter>
    </ClInclude>
    <ClInclude Include="engine\drawables\stage.h">
      <Filter>Header Files</Filter>
    </ClInclude>
    <ClInclude Include="engine\drawables\fps_counter.h">
      <Filter>Header Files</Filter>
    </ClInclude>
    <ClInclude Include="engine\drawables\details\drawables_hierarchical.h">
      <Filter>Header Files</Filter>
    </ClInclude>
    <ClInclude Include="engine\drawables\details\drawables_parental.h">
      <Filter>Header Files</Filter>
    </ClInclude>
    <ClInclude Include="engine\drawables\label.h">
      <Filter>Header Files</Filter>
    </ClInclude>
    <ClInclude Include="engine\aloo\details\aloo_empty.h">
      <Filter>Header Files</Filter>
    </ClInclude>
    <ClInclude Include="engine\aloo\font_manager.h">
      <Filter>Header Files</Filter>
    </ClInclude>
    <ClInclude Include="engine\aloo\details\font_manager_impl.h">
      <Filter>Header Files</Filter>
    </ClInclude>
    <ClInclude Include="engine\aloo\render_texture_flag.h">
      <Filter>Header Files</Filter>
    </ClInclude>
    <ClInclude Include="engine\aloo\render_texture_format.h">
      <Filter>Header Files</Filter>
    </ClInclude>
    <ClInclude Include="engine\aloo\details\bitmap_flags_guard.h">
      <Filter>Header Files</Filter>
    </ClInclude>
    <ClInclude Include="engine\aloo\details\bitmap_format_guard.h">
      <Filter>Header Files</Filter>
    </ClInclude>
    <ClInclude Include="path_utils.h">
      <Filter>Header Files</Filter>
    </ClInclude>
    <ClInclude Include="engine\drawables\sprite.h">
      <Filter>Header Files</Filter>
    </ClInclude>
  </ItemGroup>
</Project>